
Microsoft Visual Studio Solution File, Format Version 12.00
# Visual Studio Version 17
VisualStudioVersion = 17.12.35527.113 d17.12
MinimumVisualStudioVersion = 10.0.40219.1
Project("{FAE04EC0-301F-11D3-BF4B-00C04F79EFBC}") = "CinemaHub", "CinemaHub\CinemaHub.csproj", "{FED48A9A-26DA-4BF4-AF56-486544DB65E0}"
EndProject
Project("{FAE04EC0-301F-11D3-BF4B-00C04F79EFBC}") = "DataAccess", "DataAccess\DataAccess.csproj", "{0FC64EE6-DA11-43EC-A46A-BAD7FF5010E1}"
EndProject
Project("{FAE04EC0-301F-11D3-BF4B-00C04F79EFBC}") = "Models", "Models\Models.csproj", "{BDADB0A0-B482-4953-953F-D7F3E3C8BCE5}"
EndProject
Project("{FAE04EC0-301F-11D3-BF4B-00C04F79EFBC}") = "Utility", "Utility\Utility.csproj", "{925FCFF6-3A2B-4719-9C4A-4837EACD56A4}"
EndProject
Global
	GlobalSection(SolutionConfigurationPlatforms) = preSolution
		Debug|Any CPU = Debug|Any CPU
		Release|Any CPU = Release|Any CPU
	EndGlobalSection
	GlobalSection(ProjectConfigurationPlatforms) = postSolution
		{FED48A9A-26DA-4BF4-AF56-486544DB65E0}.Debug|Any CPU.ActiveCfg = Debug|Any CPU
		{FED48A9A-26DA-4BF4-AF56-486544DB65E0}.Debug|Any CPU.Build.0 = Debug|Any CPU
		{FED48A9A-26DA-4BF4-AF56-486544DB65E0}.Release|Any CPU.ActiveCfg = Release|Any CPU
		{FED48A9A-26DA-4BF4-AF56-486544DB65E0}.Release|Any CPU.Build.0 = Release|Any CPU
		{0FC64EE6-DA11-43EC-A46A-BAD7FF5010E1}.Debug|Any CPU.ActiveCfg = Debug|Any CPU
		{0FC64EE6-DA11-43EC-A46A-BAD7FF5010E1}.Debug|Any CPU.Build.0 = Debug|Any CPU
		{0FC64EE6-DA11-43EC-A46A-BAD7FF5010E1}.Release|Any CPU.ActiveCfg = Release|Any CPU
		{0FC64EE6-DA11-43EC-A46A-BAD7FF5010E1}.Release|Any CPU.Build.0 = Release|Any CPU
		{BDADB0A0-B482-4953-953F-D7F3E3C8BCE5}.Debug|Any CPU.ActiveCfg = Debug|Any CPU
		{BDADB0A0-B482-4953-953F-D7F3E3C8BCE5}.Debug|Any CPU.Build.0 = Debug|Any CPU
		{BDADB0A0-B482-4953-953F-D7F3E3C8BCE5}.Release|Any CPU.ActiveCfg = Release|Any CPU
		{BDADB0A0-B482-4953-953F-D7F3E3C8BCE5}.Release|Any CPU.Build.0 = Release|Any CPU
		{925FCFF6-3A2B-4719-9C4A-4837EACD56A4}.Debug|Any CPU.ActiveCfg = Debug|Any CPU
		{925FCFF6-3A2B-4719-9C4A-4837EACD56A4}.Debug|Any CPU.Build.0 = Debug|Any CPU
		{925FCFF6-3A2B-4719-9C4A-4837EACD56A4}.Release|Any CPU.ActiveCfg = Release|Any CPU
		{925FCFF6-3A2B-4719-9C4A-4837EACD56A4}.Release|Any CPU.Build.0 = Release|Any CPU
	EndGlobalSection
	GlobalSection(SolutionProperties) = preSolution
		HideSolutionNode = FALSE
	EndGlobalSection
EndGlobal
